// !$*UTF8*$!
{
	archiveVersion = 1;
	classes = {
	};
	objectVersion = 50;
	objects = {

/* Begin PBXBuildFile section */
		EE77FCD92644E8B00045AF80 /* AppDelegate.swift in Sources */ = {isa = PBXBuildFile; fileRef = EE77FCD82644E8B00045AF80 /* AppDelegate.swift */; };
		EE77FCDB2644E8B00045AF80 /* SceneDelegate.swift in Sources */ = {isa = PBXBuildFile; fileRef = EE77FCDA2644E8B00045AF80 /* SceneDelegate.swift */; };
		EE77FCDD2644E8B00045AF80 /* ViewController.swift in Sources */ = {isa = PBXBuildFile; fileRef = EE77FCDC2644E8B00045AF80 /* ViewController.swift */; };
		EE77FCE02644E8B00045AF80 /* Main.storyboard in Resources */ = {isa = PBXBuildFile; fileRef = EE77FCDE2644E8B00045AF80 /* Main.storyboard */; };
		EE77FCE22644E8B00045AF80 /* Assets.xcassets in Resources */ = {isa = PBXBuildFile; fileRef = EE77FCE12644E8B00045AF80 /* Assets.xcassets */; };
		EE77FCE52644E8B00045AF80 /* LaunchScreen.storyboard in Resources */ = {isa = PBXBuildFile; fileRef = EE77FCE32644E8B00045AF80 /* LaunchScreen.storyboard */; };
		EE77FCF02644E8B00045AF80 /* iQuizTests.swift in Sources */ = {isa = PBXBuildFile; fileRef = EE77FCEF2644E8B00045AF80 /* iQuizTests.swift */; };
		EE77FCFB2644E8B00045AF80 /* iQuizUITests.swift in Sources */ = {isa = PBXBuildFile; fileRef = EE77FCFA2644E8B00045AF80 /* iQuizUITests.swift */; };
		EE9FE58A2654B5250006ACAA /* PopoverViewController.swift in Sources */ = {isa = PBXBuildFile; fileRef = EE9FE5892654B5250006ACAA /* PopoverViewController.swift */; };
		EEFE92A8264DF6DC00DB02FC /* QuestionViewController.swift in Sources */ = {isa = PBXBuildFile; fileRef = EEFE92A7264DF6DC00DB02FC /* QuestionViewController.swift */; };
		EEFE92AA264E2B7900DB02FC /* AnswerViewController.swift in Sources */ = {isa = PBXBuildFile; fileRef = EEFE92A9264E2B7900DB02FC /* AnswerViewController.swift */; };
		EEFE92AC264E333400DB02FC /* FinishViewController.swift in Sources */ = {isa = PBXBuildFile; fileRef = EEFE92AB264E333400DB02FC /* FinishViewController.swift */; };
/* End PBXBuildFile section */

/* Begin PBXContainerItemProxy section */
		EE77FCEC2644E8B00045AF80 /* PBXContainerItemProxy */ = {
			isa = PBXContainerItemProxy;
			containerPortal = EE77FCCD2644E8B00045AF80 /* Project object */;
			proxyType = 1;
			remoteGlobalIDString = EE77FCD42644E8B00045AF80;
			remoteInfo = iQuiz;
		};
		EE77FCF72644E8B00045AF80 /* PBXContainerItemProxy */ = {
			isa = PBXContainerItemProxy;
			containerPortal = EE77FCCD2644E8B00045AF80 /* Project object */;
			proxyType = 1;
			remoteGlobalIDString = EE77FCD42644E8B00045AF80;
			remoteInfo = iQuiz;
		};
/* End PBXContainerItemProxy section */

/* Begin PBXFileReference section */
		EE77FCD52644E8B00045AF80 /* iQuiz.app */ = {isa = PBXFileReference; explicitFileType = wrapper.application; includeInIndex = 0; path = iQuiz.app; sourceTree = BUILT_PRODUCTS_DIR; };
		EE77FCD82644E8B00045AF80 /* AppDelegate.swift */ = {isa = PBXFileReference; lastKnownFileType = sourcecode.swift; path = AppDelegate.swift; sourceTree = "<group>"; };
		EE77FCDA2644E8B00045AF80 /* SceneDelegate.swift */ = {isa = PBXFileReference; lastKnownFileType = sourcecode.swift; path = SceneDelegate.swift; sourceTree = "<group>"; };
		EE77FCDC2644E8B00045AF80 /* ViewController.swift */ = {isa = PBXFileReference; lastKnownFileType = sourcecode.swift; path = ViewController.swift; sourceTree = "<group>"; };
		EE77FCDF2644E8B00045AF80 /* Base */ = {isa = PBXFileReference; lastKnownFileType = file.storyboard; name = Base; path = Base.lproj/Main.storyboard; sourceTree = "<group>"; };
		EE77FCE12644E8B00045AF80 /* Assets.xcassets */ = {isa = PBXFileReference; lastKnownFileType = folder.assetcatalog; path = Assets.xcassets; sourceTree = "<group>"; };
		EE77FCE42644E8B00045AF80 /* Base */ = {isa = PBXFileReference; lastKnownFileType = file.storyboard; name = Base; path = Base.lproj/LaunchScreen.storyboard; sourceTree = "<group>"; };
		EE77FCE62644E8B00045AF80 /* Info.plist */ = {isa = PBXFileReference; lastKnownFileType = text.plist.xml; path = Info.plist; sourceTree = "<group>"; };
		EE77FCEB2644E8B00045AF80 /* iQuizTests.xctest */ = {isa = PBXFileReference; explicitFileType = wrapper.cfbundle; includeInIndex = 0; path = iQuizTests.xctest; sourceTree = BUILT_PRODUCTS_DIR; };
		EE77FCEF2644E8B00045AF80 /* iQuizTests.swift */ = {isa = PBXFileReference; lastKnownFileType = sourcecode.swift; path = iQuizTests.swift; sourceTree = "<group>"; };
		EE77FCF12644E8B00045AF80 /* Info.plist */ = {isa = PBXFileReference; lastKnownFileType = text.plist.xml; path = Info.plist; sourceTree = "<group>"; };
		EE77FCF62644E8B00045AF80 /* iQuizUITests.xctest */ = {isa = PBXFileReference; explicitFileType = wrapper.cfbundle; includeInIndex = 0; path = iQuizUITests.xctest; sourceTree = BUILT_PRODUCTS_DIR; };
		EE77FCFA2644E8B00045AF80 /* iQuizUITests.swift */ = {isa = PBXFileReference; lastKnownFileType = sourcecode.swift; path = iQuizUITests.swift; sourceTree = "<group>"; };
		EE77FCFC2644E8B00045AF80 /* Info.plist */ = {isa = PBXFileReference; lastKnownFileType = text.plist.xml; path = Info.plist; sourceTree = "<group>"; };
		EE9FE5892654B5250006ACAA /* PopoverViewController.swift */ = {isa = PBXFileReference; lastKnownFileType = sourcecode.swift; path = PopoverViewController.swift; sourceTree = "<group>"; };
		EEFE92A7264DF6DC00DB02FC /* QuestionViewController.swift */ = {isa = PBXFileReference; lastKnownFileType = sourcecode.swift; path = QuestionViewController.swift; sourceTree = "<group>"; };
		EEFE92A9264E2B7900DB02FC /* AnswerViewController.swift */ = {isa = PBXFileReference; lastKnownFileType = sourcecode.swift; path = AnswerViewController.swift; sourceTree = "<group>"; };
		EEFE92AB264E333400DB02FC /* FinishViewController.swift */ = {isa = PBXFileReference; lastKnownFileType = sourcecode.swift; path = FinishViewController.swift; sourceTree = "<group>"; };
/* End PBXFileReference section */

/* Begin PBXFrameworksBuildPhase section */
		EE77FCD22644E8B00045AF80 /* Frameworks */ = {
			isa = PBXFrameworksBuildPhase;
			buildActionMask = 2147483647;
			files = (
			);
			runOnlyForDeploymentPostprocessing = 0;
		};
		EE77FCE82644E8B00045AF80 /* Frameworks */ = {
			isa = PBXFrameworksBuildPhase;
			buildActionMask = 2147483647;
			files = (
			);
			runOnlyForDeploymentPostprocessing = 0;
		};
		EE77FCF32644E8B00045AF80 /* Frameworks */ = {
			isa = PBXFrameworksBuildPhase;
			buildActionMask = 2147483647;
			files = (
			);
			runOnlyForDeploymentPostprocessing = 0;
		};
/* End PBXFrameworksBuildPhase section */

/* Begin PBXGroup section */
		EE77FCCC2644E8B00045AF80 = {
			isa = PBXGroup;
			children = (
				EE77FCD72644E8B00045AF80 /* iQuiz */,
				EE77FCEE2644E8B00045AF80 /* iQuizTests */,
				EE77FCF92644E8B00045AF80 /* iQuizUITests */,
				EE77FCD62644E8B00045AF80 /* Products */,
			);
			sourceTree = "<group>";
		};
		EE77FCD62644E8B00045AF80 /* Products */ = {
			isa = PBXGroup;
			children = (
				EE77FCD52644E8B00045AF80 /* iQuiz.app */,
				EE77FCEB2644E8B00045AF80 /* iQuizTests.xctest */,
				EE77FCF62644E8B00045AF80 /* iQuizUITests.xctest */,
			);
			name = Products;
			sourceTree = "<group>";
		};
		EE77FCD72644E8B00045AF80 /* iQuiz */ = {
			isa = PBXGroup;
			children = (
				EE9FE5892654B5250006ACAA /* PopoverViewController.swift */,
				EE77FCD82644E8B00045AF80 /* AppDelegate.swift */,
				EE77FCDA2644E8B00045AF80 /* SceneDelegate.swift */,
				EE77FCDC2644E8B00045AF80 /* ViewController.swift */,
				EE77FCDE2644E8B00045AF80 /* Main.storyboard */,
				EEFE92AB264E333400DB02FC /* FinishViewController.swift */,
				EEFE92A9264E2B7900DB02FC /* AnswerViewController.swift */,
				EEFE92A7264DF6DC00DB02FC /* QuestionViewController.swift */,
				EE77FCE12644E8B00045AF80 /* Assets.xcassets */,
				EE77FCE32644E8B00045AF80 /* LaunchScreen.storyboard */,
				EE77FCE62644E8B00045AF80 /* Info.plist */,
			);
			path = iQuiz;
			sourceTree = "<group>";
		};
		EE77FCEE2644E8B00045AF80 /* iQuizTests */ = {
			isa = PBXGroup;
			children = (
				EE77FCEF2644E8B00045AF80 /* iQuizTests.swift */,
				EE77FCF12644E8B00045AF80 /* Info.plist */,
			);
			path = iQuizTests;
			sourceTree = "<group>";
		};
		EE77FCF92644E8B00045AF80 /* iQuizUITests */ = {
			isa = PBXGroup;
			children = (
				EE77FCFA2644E8B00045AF80 /* iQuizUITests.swift */,
				EE77FCFC2644E8B00045AF80 /* Info.plist */,
			);
			path = iQuizUITests;
			sourceTree = "<group>";
		};
/* End PBXGroup section */

/* Begin PBXNativeTarget section */
		EE77FCD42644E8B00045AF80 /* iQuiz */ = {
			isa = PBXNativeTarget;
			buildConfigurationList = EE77FCFF2644E8B00045AF80 /* Build configuration list for PBXNativeTarget "iQuiz" */;
			buildPhases = (
				EE77FCD12644E8B00045AF80 /* Sources */,
				EE77FCD22644E8B00045AF80 /* Frameworks */,
				EE77FCD32644E8B00045AF80 /* Resources */,
			);
			buildRules = (
			);
			dependencies = (
			);
			name = iQuiz;
			productName = iQuiz;
			productReference = EE77FCD52644E8B00045AF80 /* iQuiz.app */;
			productType = "com.apple.product-type.application";
		};
		EE77FCEA2644E8B00045AF80 /* iQuizTests */ = {
			isa = PBXNativeTarget;
			buildConfigurationList = EE77FD022644E8B00045AF80 /* Build configuration list for PBXNativeTarget "iQuizTests" */;
			buildPhases = (
				EE77FCE72644E8B00045AF80 /* Sources */,
				EE77FCE82644E8B00045AF80 /* Frameworks */,
				EE77FCE92644E8B00045AF80 /* Resources */,
			);
			buildRules = (
			);
			dependencies = (
				EE77FCED2644E8B00045AF80 /* PBXTargetDependency */,
			);
			name = iQuizTests;
			productName = iQuizTests;
			productReference = EE77FCEB2644E8B00045AF80 /* iQuizTests.xctest */;
			productType = "com.apple.product-type.bundle.unit-test";
		};
		EE77FCF52644E8B00045AF80 /* iQuizUITests */ = {
			isa = PBXNativeTarget;
			buildConfigurationList = EE77FD052644E8B00045AF80 /* Build configuration list for PBXNativeTarget "iQuizUITests" */;
			buildPhases = (
				EE77FCF22644E8B00045AF80 /* Sources */,
				EE77FCF32644E8B00045AF80 /* Frameworks */,
				EE77FCF42644E8B00045AF80 /* Resources */,
			);
			buildRules = (
			);
			dependencies = (
				EE77FCF82644E8B00045AF80 /* PBXTargetDependency */,
			);
			name = iQuizUITests;
			productName = iQuizUITests;
			productReference = EE77FCF62644E8B00045AF80 /* iQuizUITests.xctest */;
			productType = "com.apple.product-type.bundle.ui-testing";
		};
/* End PBXNativeTarget section */

/* Begin PBXProject section */
		EE77FCCD2644E8B00045AF80 /* Project object */ = {
			isa = PBXProject;
			attributes = {
				LastSwiftUpdateCheck = 1250;
				LastUpgradeCheck = 1250;
				TargetAttributes = {
					EE77FCD42644E8B00045AF80 = {
						CreatedOnToolsVersion = 12.5;
					};
					EE77FCEA2644E8B00045AF80 = {
						CreatedOnToolsVersion = 12.5;
						TestTargetID = EE77FCD42644E8B00045AF80;
					};
					EE77FCF52644E8B00045AF80 = {
						CreatedOnToolsVersion = 12.5;
						TestTargetID = EE77FCD42644E8B00045AF80;
					};
				};
			};
			buildConfigurationList = EE77FCD02644E8B00045AF80 /* Build configuration list for PBXProject "iQuiz" */;
			compatibilityVersion = "Xcode 9.3";
			developmentRegion = en;
			hasScannedForEncodings = 0;
			knownRegions = (
				en,
				Base,
			);
			mainGroup = EE77FCCC2644E8B00045AF80;
			productRefGroup = EE77FCD62644E8B00045AF80 /* Products */;
			projectDirPath = "";
			projectRoot = "";
			targets = (
				EE77FCD42644E8B00045AF80 /* iQuiz */,
				EE77FCEA2644E8B00045AF80 /* iQuizTests */,
				EE77FCF52644E8B00045AF80 /* iQuizUITests */,
			);
		};
/* End PBXProject section */

/* Begin PBXResourcesBuildPhase section */
		EE77FCD32644E8B00045AF80 /* Resources */ = {
			isa = PBXResourcesBuildPhase;
			buildActionMask = 2147483647;
			files = (
				EE77FCE52644E8B00045AF80 /* LaunchScreen.storyboard in Resources */,
				EE77FCE22644E8B00045AF80 /* Assets.xcassets in Resources */,
				EE77FCE02644E8B00045AF80 /* Main.storyboard in Resources */,
			);
			runOnlyForDeploymentPostprocessing = 0;
		};
		EE77FCE92644E8B00045AF80 /* Resources */ = {
			isa = PBXResourcesBuildPhase;
			buildActionMask = 2147483647;
			files = (
			);
			runOnlyForDeploymentPostprocessing = 0;
		};
		EE77FCF42644E8B00045AF80 /* Resources */ = {
			isa = PBXResourcesBuildPhase;
			buildActionMask = 2147483647;
			files = (
			);
			runOnlyForDeploymentPostprocessing = 0;
		};
/* End PBXResourcesBuildPhase section */

/* Begin PBXSourcesBuildPhase section */
		EE77FCD12644E8B00045AF80 /* Sources */ = {
			isa = PBXSourcesBuildPhase;
			buildActionMask = 2147483647;
			files = (
				EE77FCDD2644E8B00045AF80 /* ViewController.swift in Sources */,
				EE77FCD92644E8B00045AF80 /* AppDelegate.swift in Sources */,
				EE9FE58A2654B5250006ACAA /* PopoverViewController.swift in Sources */,
				EEFE92AA264E2B7900DB02FC /* AnswerViewController.swift in Sources */,
				EEFE92A8264DF6DC00DB02FC /* QuestionViewController.swift in Sources */,
				EE77FCDB2644E8B00045AF80 /* SceneDelegate.swift in Sources */,
				EEFE92AC264E333400DB02FC /* FinishViewController.swift in Sources */,
			);
			runOnlyForDeploymentPostprocessing = 0;
		};
		EE77FCE72644E8B00045AF80 /* Sources */ = {
			isa = PBXSourcesBuildPhase;
			buildActionMask = 2147483647;
			files = (
				EE77FCF02644E8B00045AF80 /* iQuizTests.swift in Sources */,
			);
			runOnlyForDeploymentPostprocessing = 0;
		};
		EE77FCF22644E8B00045AF80 /* Sources */ = {
			isa = PBXSourcesBuildPhase;
			buildActionMask = 2147483647;
			files = (
				EE77FCFB2644E8B00045AF80 /* iQuizUITests.swift in Sources */,
			);
			runOnlyForDeploymentPostprocessing = 0;
		};
/* End PBXSourcesBuildPhase section */

/* Begin PBXTargetDependency section */
		EE77FCED2644E8B00045AF80 /* PBXTargetDependency */ = {
			isa = PBXTargetDependency;
			target = EE77FCD42644E8B00045AF80 /* iQuiz */;
			targetProxy = EE77FCEC2644E8B00045AF80 /* PBXContainerItemProxy */;
		};
		EE77FCF82644E8B00045AF80 /* PBXTargetDependency */ = {
			isa = PBXTargetDependency;
			target = EE77FCD42644E8B00045AF80 /* iQuiz */;
			targetProxy = EE77FCF72644E8B00045AF80 /* PBXContainerItemProxy */;
		};
/* End PBXTargetDependency section */

/* Begin PBXVariantGroup section */
		EE77FCDE2644E8B00045AF80 /* Main.storyboard */ = {
			isa = PBXVariantGroup;
			children = (
				EE77FCDF2644E8B00045AF80 /* Base */,
			);
			name = Main.storyboard;
			sourceTree = "<group>";
		};
		EE77FCE32644E8B00045AF80 /* LaunchScreen.storyboard */ = {
			isa = PBXVariantGroup;
			children = (
				EE77FCE42644E8B00045AF80 /* Base */,
			);
			name = LaunchScreen.storyboard;
			sourceTree = "<group>";
		};
/* End PBXVariantGroup section */

/* Begin XCBuildConfiguration section */
		EE77FCFD2644E8B00045AF80 /* Debug */ = {
			isa = XCBuildConfiguration;
			buildSettings = {
				ALWAYS_SEARCH_USER_PATHS = NO;
				CLANG_ANALYZER_NONNULL = YES;
				CLANG_ANALYZER_NUMBER_OBJECT_CONVERSION = YES_AGGRESSIVE;
				CLANG_CXX_LANGUAGE_STANDARD = "gnu++14";
				CLANG_CXX_LIBRARY = "libc++";
				CLANG_ENABLE_MODULES = YES;
				CLANG_ENABLE_OBJC_ARC = YES;
				CLANG_ENABLE_OBJC_WEAK = YES;
				CLANG_WARN_BLOCK_CAPTURE_AUTORELEASING = YES;
				CLANG_WARN_BOOL_CONVERSION = YES;
				CLANG_WARN_COMMA = YES;
				CLANG_WARN_CONSTANT_CONVERSION = YES;
				CLANG_WARN_DEPRECATED_OBJC_IMPLEMENTATIONS = YES;
				CLANG_WARN_DIRECT_OBJC_ISA_USAGE = YES_ERROR;
				CLANG_WARN_DOCUMENTATION_COMMENTS = YES;
				CLANG_WARN_EMPTY_BODY = YES;
				CLANG_WARN_ENUM_CONVERSION = YES;
				CLANG_WARN_INFINITE_RECURSION = YES;
				CLANG_WARN_INT_CONVERSION = YES;
				CLANG_WARN_NON_LITERAL_NULL_CONVERSION = YES;
				CLANG_WARN_OBJC_IMPLICIT_RETAIN_SELF = YES;
				CLANG_WARN_OBJC_LITERAL_CONVERSION = YES;
				CLANG_WARN_OBJC_ROOT_CLASS = YES_ERROR;
				CLANG_WARN_QUOTED_INCLUDE_IN_FRAMEWORK_HEADER = YES;
				CLANG_WARN_RANGE_LOOP_ANALYSIS = YES;
				CLANG_WARN_STRICT_PROTOTYPES = YES;
				CLANG_WARN_SUSPICIOUS_MOVE = YES;
				CLANG_WARN_UNGUARDED_AVAILABILITY = YES_AGGRESSIVE;
				CLANG_WARN_UNREACHABLE_CODE = YES;
				CLANG_WARN__DUPLICATE_METHOD_MATCH = YES;
				COPY_PHASE_STRIP = NO;
				DEBUG_INFORMATION_FORMAT = dwarf;
				ENABLE_STRICT_OBJC_MSGSEND = YES;
				ENABLE_TESTABILITY = YES;
				GCC_C_LANGUAGE_STANDARD = gnu11;
				GCC_DYNAMIC_NO_PIC = NO;
				GCC_NO_COMMON_BLOCKS = YES;
				GCC_OPTIMIZATION_LEVEL = 0;
				GCC_PREPROCESSOR_DEFINITIONS = (
					"DEBUG=1",
					"$(inherited)",
				);
				GCC_WARN_64_TO_32_BIT_CONVERSION = YES;
				GCC_WARN_ABOUT_RETURN_TYPE = YES_ERROR;
				GCC_WARN_UNDECLARED_SELECTOR = YES;
				GCC_WARN_UNINITIALIZED_AUTOS = YES_AGGRESSIVE;
				GCC_WARN_UNUSED_FUNCTION = YES;
				GCC_WARN_UNUSED_VARIABLE = YES;
				IPHONEOS_DEPLOYMENT_TARGET = 14.5;
				MTL_ENABLE_DEBUG_INFO = INCLUDE_SOURCE;
				MTL_FAST_MATH = YES;
				ONLY_ACTIVE_ARCH = YES;
				SDKROOT = iphoneos;
				SWIFT_ACTIVE_COMPILATION_CONDITIONS = DEBUG;
				SWIFT_OPTIMIZATION_LEVEL = "-Onone";
			};
			name = Debug;
		};
		EE77FCFE2644E8B00045AF80 /* Release */ = {
			isa = XCBuildConfiguration;
			buildSettings = {
				ALWAYS_SEARCH_USER_PATHS = NO;
				CLANG_ANALYZER_NONNULL = YES;
				CLANG_ANALYZER_NUMBER_OBJECT_CONVERSION = YES_AGGRESSIVE;
				CLANG_CXX_LANGUAGE_STANDARD = "gnu++14";
				CLANG_CXX_LIBRARY = "libc++";
				CLANG_ENABLE_MODULES = YES;
				CLANG_ENABLE_OBJC_ARC = YES;
				CLANG_ENABLE_OBJC_WEAK = YES;
				CLANG_WARN_BLOCK_CAPTURE_AUTORELEASING = YES;
				CLANG_WARN_BOOL_CONVERSION = YES;
				CLANG_WARN_COMMA = YES;
				CLANG_WARN_CONSTANT_CONVERSION = YES;
				CLANG_WARN_DEPRECATED_OBJC_IMPLEMENTATIONS = YES;
				CLANG_WARN_DIRECT_OBJC_ISA_USAGE = YES_ERROR;
				CLANG_WARN_DOCUMENTATION_COMMENTS = YES;
				CLANG_WARN_EMPTY_BODY = YES;
				CLANG_WARN_ENUM_CONVERSION = YES;
				CLANG_WARN_INFINITE_RECURSION = YES;
				CLANG_WARN_INT_CONVERSION = YES;
				CLANG_WARN_NON_LITERAL_NULL_CONVERSION = YES;
				CLANG_WARN_OBJC_IMPLICIT_RETAIN_SELF = YES;
				CLANG_WARN_OBJC_LITERAL_CONVERSION = YES;
				CLANG_WARN_OBJC_ROOT_CLASS = YES_ERROR;
				CLANG_WARN_QUOTED_INCLUDE_IN_FRAMEWORK_HEADER = YES;
				CLANG_WARN_RANGE_LOOP_ANALYSIS = YES;
				CLANG_WARN_STRICT_PROTOTYPES = YES;
				CLANG_WARN_SUSPICIOUS_MOVE = YES;
				CLANG_WARN_UNGUARDED_AVAILABILITY = YES_AGGRESSIVE;
				CLANG_WARN_UNREACHABLE_CODE = YES;
				CLANG_WARN__DUPLICATE_METHOD_MATCH = YES;
				COPY_PHASE_STRIP = NO;
				DEBUG_INFORMATION_FORMAT = "dwarf-with-dsym";
				ENABLE_NS_ASSERTIONS = NO;
				ENABLE_STRICT_OBJC_MSGSEND = YES;
				GCC_C_LANGUAGE_STANDARD = gnu11;
				GCC_NO_COMMON_BLOCKS = YES;
				GCC_WARN_64_TO_32_BIT_CONVERSION = YES;
				GCC_WARN_ABOUT_RETURN_TYPE = YES_ERROR;
				GCC_WARN_UNDECLARED_SELECTOR = YES;
				GCC_WARN_UNINITIALIZED_AUTOS = YES_AGGRESSIVE;
				GCC_WARN_UNUSED_FUNCTION = YES;
				GCC_WARN_UNUSED_VARIABLE = YES;
				IPHONEOS_DEPLOYMENT_TARGET = 14.5;
				MTL_ENABLE_DEBUG_INFO = NO;
				MTL_FAST_MATH = YES;
				SDKROOT = iphoneos;
				SWIFT_COMPILATION_MODE = wholemodule;
				SWIFT_OPTIMIZATION_LEVEL = "-O";
				VALIDATE_PRODUCT = YES;
			};
			name = Release;
		};
		EE77FD002644E8B00045AF80 /* Debug */ = {
			isa = XCBuildConfiguration;
			buildSettings = {
				ASSETCATALOG_COMPILER_APPICON_NAME = AppIcon;
				ASSETCATALOG_COMPILER_GLOBAL_ACCENT_COLOR_NAME = AccentColor;
				CODE_SIGN_STYLE = Automatic;
				DEVELOPMENT_TEAM = YRHM8556J5;
				INFOPLIST_FILE = iQuiz/Info.plist;
				LD_RUNPATH_SEARCH_PATHS = (
					"$(inherited)",
					"@executable_path/Frameworks",
				);
				PRODUCT_BUNDLE_IDENTIFIER = chang.iQuiz;
				PRODUCT_NAME = "$(TARGET_NAME)";
				SWIFT_VERSION = 5.0;
				TARGETED_DEVICE_FAMILY = "1,2";
			};
			name = Debug;
		};
		EE77FD012644E8B00045AF80 /* Release */ = {
			isa = XCBuildConfiguration;
			buildSettings = {
				ASSETCATALOG_COMPILER_APPICON_NAME = AppIcon;
				ASSETCATALOG_COMPILER_GLOBAL_ACCENT_COLOR_NAME = AccentColor;
				CODE_SIGN_STYLE = Automatic;
				DEVELOPMENT_TEAM = YRHM8556J5;
				INFOPLIST_FILE = iQuiz/Info.plist;
				LD_RUNPATH_SEARCH_PATHS = (
					"$(inherited)",
					"@executable_path/Frameworks",
				);
				PRODUCT_BUNDLE_IDENTIFIER = chang.iQuiz;
				PRODUCT_NAME = "$(TARGET_NAME)";
				SWIFT_VERSION = 5.0;
				TARGETED_DEVICE_FAMILY = "1,2";
			};
			name = Release;
		};
		EE77FD032644E8B00045AF80 /* Debug */ = {
			isa = XCBuildConfiguration;
			buildSettings = {
				ALWAYS_EMBED_SWIFT_STANDARD_LIBRARIES = YES;
				BUNDLE_LOADER = "$(TEST_HOST)";
				CODE_SIGN_STYLE = Automatic;
				DEVELOPMENT_TEAM = YRHM8556J5;
				INFOPLIST_FILE = iQuizTests/Info.plist;
				IPHONEOS_DEPLOYMENT_TARGET = 14.5;
				LD_RUNPATH_SEARCH_PATHS = (
					"$(inherited)",
					"@executable_path/Frameworks",
					"@loader_path/Frameworks",
				);
				PRODUCT_BUNDLE_IDENTIFIER = chang.iQuizTests;
				PRODUCT_NAME = "$(TARGET_NAME)";
				SWIFT_VERSION = 5.0;
				TARGETED_DEVICE_FAMILY = "1,2";
				TEST_HOST = "$(BUILT_PRODUCTS_DIR)/iQuiz.app/iQuiz";
			};
			name = Debug;
		};
		EE77FD042644E8B00045AF80 /* Release */ = {
			isa = XCBuildConfiguration;
			buildSettings = {
				ALWAYS_EMBED_SWIFT_STANDARD_LIBRARIES = YES;
				BUNDLE_LOADER = "$(TEST_HOST)";
				CODE_SIGN_STYLE = Automatic;
				DEVELOPMENT_TEAM = YRHM8556J5;
				INFOPLIST_FILE = iQuizTests/Info.plist;
				IPHONEOS_DEPLOYMENT_TARGET = 14.5;
				LD_RUNPATH_SEARCH_PATHS = (
					"$(inherited)",
					"@executable_path/Frameworks",
					"@loader_path/Frameworks",
				);
				PRODUCT_BUNDLE_IDENTIFIER = chang.iQuizTests;
				PRODUCT_NAME = "$(TARGET_NAME)";
				SWIFT_VERSION = 5.0;
				TARGETED_DEVICE_FAMILY = "1,2";
				TEST_HOST = "$(BUILT_PRODUCTS_DIR)/iQuiz.app/iQuiz";
			};
			name = Release;
		};
		EE77FD062644E8B00045AF80 /* Debug */ = {
			isa = XCBuildConfiguration;
			buildSettings = {
				ALWAYS_EMBED_SWIFT_STANDARD_LIBRARIES = YES;
				CODE_SIGN_STYLE = Automatic;
				DEVELOPMENT_TEAM = YRHM8556J5;
				INFOPLIST_FILE = iQuizUITests/Info.plist;
				LD_RUNPATH_SEARCH_PATHS = (
					"$(inherited)",
					"@executable_path/Frameworks",
					"@loader_path/Frameworks",
				);
				PRODUCT_BUNDLE_IDENTIFIER = chang.iQuizUITests;
				PRODUCT_NAME = "$(TARGET_NAME)";
				SWIFT_VERSION = 5.0;
				TARGETED_DEVICE_FAMILY = "1,2";
				TEST_TARGET_NAME = iQuiz;
			};
			name = Debug;
		};
		EE77FD072644E8B00045AF80 /* Release */ = {
			isa = XCBuildConfiguration;
			buildSettings = {
				ALWAYS_EMBED_SWIFT_STANDARD_LIBRARIES = YES;
				CODE_SIGN_STYLE = Automatic;
				DEVELOPMENT_TEAM = YRHM8556J5;
				INFOPLIST_FILE = iQuizUITests/Info.plist;
				LD_RUNPATH_SEARCH_PATHS = (
					"$(inherited)",
					"@executable_path/Frameworks",
					"@loader_path/Frameworks",
				);
				PRODUCT_BUNDLE_IDENTIFIER = chang.iQuizUITests;
				PRODUCT_NAME = "$(TARGET_NAME)";
				SWIFT_VERSION = 5.0;
				TARGETED_DEVICE_FAMILY = "1,2";
				TEST_TARGET_NAME = iQuiz;
			};
			name = Release;
		};
/* End XCBuildConfiguration section */

/* Begin XCConfigurationList section */
		EE77FCD02644E8B00045AF80 /* Build configuration list for PBXProject "iQuiz" */ = {
			isa = XCConfigurationList;
			buildConfigurations = (
				EE77FCFD2644E8B00045AF80 /* Debug */,
				EE77FCFE2644E8B00045AF80 /* Release */,
			);
			defaultConfigurationIsVisible = 0;
			defaultConfigurationName = Release;
		};
		EE77FCFF2644E8B00045AF80 /* Build configuration list for PBXNativeTarget "iQuiz" */ = {
			isa = XCConfigurationList;
			buildConfigurations = (
				EE77FD002644E8B00045AF80 /* Debug */,
				EE77FD012644E8B00045AF80 /* Release */,
			);
			defaultConfigurationIsVisible = 0;
			defaultConfigurationName = Release;
		};
		EE77FD022644E8B00045AF80 /* Build configuration list for PBXNativeTarget "iQuizTests" */ = {
			isa = XCConfigurationList;
			buildConfigurations = (
				EE77FD032644E8B00045AF80 /* Debug */,
				EE77FD042644E8B00045AF80 /* Release */,
			);
			defaultConfigurationIsVisible = 0;
			defaultConfigurationName = Release;
		};
		EE77FD052644E8B00045AF80 /* Build configuration list for PBXNativeTarget "iQuizUITests" */ = {
			isa = XCConfigurationList;
			buildConfigurations = (
				EE77FD062644E8B00045AF80 /* Debug */,
				EE77FD072644E8B00045AF80 /* Release */,
			);
			defaultConfigurationIsVisible = 0;
			defaultConfigurationName = Release;
		};
/* End XCConfigurationList section */
	};
	rootObject = EE77FCCD2644E8B00045AF80 /* Project object */;
}
